
Microsoft Visual Studio Solution File, Format Version 12.00
# Visual Studio Version 16
VisualStudioVersion = 16.0.30011.22
MinimumVisualStudioVersion = 10.0.40219.1
Project("{9A19103F-16F7-4668-BE54-9A1E7A4F7556}") = "Project_1_Final", "MVCProject_1_Final\Project_1_Final.csproj", "{95259C20-75A9-410D-8F0F-9B6152A47975}"
EndProject
Global
	GlobalSection(SolutionConfigurationPlatforms) = preSolution
		Debug|Any CPU = Debug|Any CPU
		Release|Any CPU = Release|Any CPU
	EndGlobalSection
	GlobalSection(ProjectConfigurationPlatforms) = postSolution
		{95259C20-75A9-410D-8F0F-9B6152A47975}.Debug|Any CPU.ActiveCfg = Debug|Any CPU
		{95259C20-75A9-410D-8F0F-9B6152A47975}.Debug|Any CPU.Build.0 = Debug|Any CPU
		{95259C20-75A9-410D-8F0F-9B6152A47975}.Release|Any CPU.ActiveCfg = Release|Any CPU
		{95259C20-75A9-410D-8F0F-9B6152A47975}.Release|Any CPU.Build.0 = Release|Any CPU
	EndGlobalSection
	GlobalSection(SolutionProperties) = preSolution
		HideSolutionNode = FALSE
	EndGlobalSection
	GlobalSection(ExtensibilityGlobals) = postSolution
		SolutionGuid = {D266D46F-8ACD-4334-B624-86C37FF6F8D5}
	EndGlobalSection
EndGlobal
